
Microsoft Visual Studio Solution File, Format Version 12.00
# Visual Studio Version 17
VisualStudioVersion = 17.12.35728.132 d17.12
MinimumVisualStudioVersion = 10.0.40219.1
Project("{FAE04EC0-301F-11D3-BF4B-00C04F79EFBC}") = "Producer", "Producer\Producer.csproj", "{EA229061-512D-416B-A455-36F854FFBCE0}"
EndProject
Project("{FAE04EC0-301F-11D3-BF4B-00C04F79EFBC}") = "Consumer", "Consumer\Consumer.csproj", "{1825CA72-E3D4-4171-807D-E5A3DA6BBA21}"
EndProject
Project("{FAE04EC0-301F-11D3-BF4B-00C04F79EFBC}") = "Contracts", "Contracts\Contracts.csproj", "{15BE714D-FE5D-46CB-86C0-5C37A50D2BB0}"
EndProject
Global
	GlobalSection(SolutionConfigurationPlatforms) = preSolution
		Debug|Any CPU = Debug|Any CPU
		Release|Any CPU = Release|Any CPU
	EndGlobalSection
	GlobalSection(ProjectConfigurationPlatforms) = postSolution
		{EA229061-512D-416B-A455-36F854FFBCE0}.Debug|Any CPU.ActiveCfg = Debug|Any CPU
		{EA229061-512D-416B-A455-36F854FFBCE0}.Debug|Any CPU.Build.0 = Debug|Any CPU
		{EA229061-512D-416B-A455-36F854FFBCE0}.Release|Any CPU.ActiveCfg = Release|Any CPU
		{EA229061-512D-416B-A455-36F854FFBCE0}.Release|Any CPU.Build.0 = Release|Any CPU
		{1825CA72-E3D4-4171-807D-E5A3DA6BBA21}.Debug|Any CPU.ActiveCfg = Debug|Any CPU
		{1825CA72-E3D4-4171-807D-E5A3DA6BBA21}.Debug|Any CPU.Build.0 = Debug|Any CPU
		{1825CA72-E3D4-4171-807D-E5A3DA6BBA21}.Release|Any CPU.ActiveCfg = Release|Any CPU
		{1825CA72-E3D4-4171-807D-E5A3DA6BBA21}.Release|Any CPU.Build.0 = Release|Any CPU
		{15BE714D-FE5D-46CB-86C0-5C37A50D2BB0}.Debug|Any CPU.ActiveCfg = Debug|Any CPU
		{15BE714D-FE5D-46CB-86C0-5C37A50D2BB0}.Debug|Any CPU.Build.0 = Debug|Any CPU
		{15BE714D-FE5D-46CB-86C0-5C37A50D2BB0}.Release|Any CPU.ActiveCfg = Release|Any CPU
		{15BE714D-FE5D-46CB-86C0-5C37A50D2BB0}.Release|Any CPU.Build.0 = Release|Any CPU
	EndGlobalSection
	GlobalSection(SolutionProperties) = preSolution
		HideSolutionNode = FALSE
	EndGlobalSection
EndGlobal
